{
  "name": "goalmatic-developer-tools",
  "version": "0.1.0-beta.2",
  "lockfileVersion": 3,
  "requires": true,
  "packages": {
    "": {
      "name": "goalmatic-developer-tools",
      "version": "0.1.0-beta.2",
      "license": "MIT",
      "workspaces": [
        "packages/cli",
        "packages/create-goalmatic"
      ],
      "engines": {
        "node": ">=22.12.0"
      }
    },
    "node_modules/create-goalmatic": {
      "resolved": "packages/create-goalmatic",
      "link": true
    },
    "node_modules/goalmatic": {
      "resolved": "packages/cli",
      "link": true
    },
    "packages/cli": {
      "name": "goalmatic",
      "version": "0.1.0-beta.2",
      "license": "MIT",
      "bin": {
        "goalmatic": "bin/goalmatic.mjs"
      },
      "engines": {
        "node": ">=22"
      }
    },
    "packages/create-goalmatic": {
      "version": "0.1.0-beta.2",
      "license": "MIT",
      "dependencies": {
        "goalmatic": "0.1.0-beta.2"
      },
      "bin": {
        "create-goalmatic": "bin/create-goalmatic.mjs"
      },
      "engines": {
        "node": ">=22"
      }
    }
  }
}
